
Microsoft Visual Studio Solution File, Format Version 12.00
# Visual Studio Version 17
VisualStudioVersion = 17.7.34031.279
MinimumVisualStudioVersion = 10.0.40219.1
Project("{FAE04EC0-301F-11D3-BF4B-00C04F79EFBC}") = "MyFirstProgram", "MyFirstProgram.csproj", "{C36D1628-B04E-42DD-9D8F-CAC48387A7FF}"
EndProject
Global
	GlobalSection(SolutionConfigurationPlatforms) = preSolution
		Debug|Any CPU = Debug|Any CPU
		Release|Any CPU = Release|Any CPU
	EndGlobalSection
	GlobalSection(ProjectConfigurationPlatforms) = postSolution
		{C36D1628-B04E-42DD-9D8F-CAC48387A7FF}.Debug|Any CPU.ActiveCfg = Debug|Any CPU
		{C36D1628-B04E-42DD-9D8F-CAC48387A7FF}.Debug|Any CPU.Build.0 = Debug|Any CPU
		{C36D1628-B04E-42DD-9D8F-CAC48387A7FF}.Release|Any CPU.ActiveCfg = Release|Any CPU
		{C36D1628-B04E-42DD-9D8F-CAC48387A7FF}.Release|Any CPU.Build.0 = Release|Any CPU
	EndGlobalSection
	GlobalSection(SolutionProperties) = preSolution
		HideSolutionNode = FALSE
	EndGlobalSection
	GlobalSection(ExtensibilityGlobals) = postSolution
		SolutionGuid = {8629F110-1BC5-4ACB-AE3E-020C174A474A}
	EndGlobalSection
EndGlobal
